// !$*UTF8*$!
{
	archiveVersion = 1;
	classes = {
	};
	objectVersion = 50;
	objects = {

/* Begin PBXBuildFile section */
		225EA689260036C80020BD02 /* xkcdWidgetApp.swift in Sources */ = {isa = PBXBuildFile; fileRef = 225EA688260036C80020BD02 /* xkcdWidgetApp.swift */; };
		225EA68B260036C80020BD02 /* ContentView.swift in Sources */ = {isa = PBXBuildFile; fileRef = 225EA68A260036C80020BD02 /* ContentView.swift */; };
		225EA68D260036CA0020BD02 /* Assets.xcassets in Resources */ = {isa = PBXBuildFile; fileRef = 225EA68C260036CA0020BD02 /* Assets.xcassets */; };
		225EA690260036CA0020BD02 /* Preview Assets.xcassets in Resources */ = {isa = PBXBuildFile; fileRef = 225EA68F260036CA0020BD02 /* Preview Assets.xcassets */; };
		225EA6A5260040C00020BD02 /* WidgetKit.framework in Frameworks */ = {isa = PBXBuildFile; fileRef = 225EA6A4260040C00020BD02 /* WidgetKit.framework */; };
		225EA6A7260040C00020BD02 /* SwiftUI.framework in Frameworks */ = {isa = PBXBuildFile; fileRef = 225EA6A6260040C00020BD02 /* SwiftUI.framework */; };
		225EA6AA260040C00020BD02 /* ComicWidget.swift in Sources */ = {isa = PBXBuildFile; fileRef = 225EA6A9260040C00020BD02 /* ComicWidget.swift */; };
		225EA6AC260040C30020BD02 /* Assets.xcassets in Resources */ = {isa = PBXBuildFile; fileRef = 225EA6AB260040C30020BD02 /* Assets.xcassets */; };
		225EA6B0260040C30020BD02 /* ComicWidgetExtension.appex in Embed App Extensions */ = {isa = PBXBuildFile; fileRef = 225EA6A2260040C00020BD02 /* ComicWidgetExtension.appex */; settings = {ATTRIBUTES = (RemoveHeadersOnCopy, ); }; };
		225EA6C4260042A90020BD02 /* Comic.swift in Sources */ = {isa = PBXBuildFile; fileRef = 225EA69A260037D80020BD02 /* Comic.swift */; };
		22E2534026014DCB00112B4E /* Comic.swift in Sources */ = {isa = PBXBuildFile; fileRef = 225EA69A260037D80020BD02 /* Comic.swift */; };
/* End PBXBuildFile section */

/* Begin PBXContainerItemProxy section */
		225EA6AE260040C30020BD02 /* PBXContainerItemProxy */ = {
			isa = PBXContainerItemProxy;
			containerPortal = 225EA67D260036C80020BD02 /* Project object */;
			proxyType = 1;
			remoteGlobalIDString = 225EA6A1260040C00020BD02;
			remoteInfo = ComicWidgetExtension;
		};
/* End PBXContainerItemProxy section */

/* Begin PBXCopyFilesBuildPhase section */
		225EA6B2260040C30020BD02 /* Embed App Extensions */ = {
			isa = PBXCopyFilesBuildPhase;
			buildActionMask = 2147483647;
			dstPath = "";
			dstSubfolderSpec = 13;
			files = (
				225EA6B0260040C30020BD02 /* ComicWidgetExtension.appex in Embed App Extensions */,
			);
			name = "Embed App Extensions";
			runOnlyForDeploymentPostprocessing = 0;
		};
/* End PBXCopyFilesBuildPhase section */

/* Begin PBXFileReference section */
		225EA685260036C80020BD02 /* xkcdWidget.app */ = {isa = PBXFileReference; explicitFileType = wrapper.application; includeInIndex = 0; path = xkcdWidget.app; sourceTree = BUILT_PRODUCTS_DIR; };
		225EA688260036C80020BD02 /* xkcdWidgetApp.swift */ = {isa = PBXFileReference; lastKnownFileType = sourcecode.swift; path = xkcdWidgetApp.swift; sourceTree = "<group>"; };
		225EA68A260036C80020BD02 /* ContentView.swift */ = {isa = PBXFileReference; lastKnownFileType = sourcecode.swift; path = ContentView.swift; sourceTree = "<group>"; };
		225EA68C260036CA0020BD02 /* Assets.xcassets */ = {isa = PBXFileReference; lastKnownFileType = folder.assetcatalog; path = Assets.xcassets; sourceTree = "<group>"; };
		225EA68F260036CA0020BD02 /* Preview Assets.xcassets */ = {isa = PBXFileReference; lastKnownFileType = folder.assetcatalog; path = "Preview Assets.xcassets"; sourceTree = "<group>"; };
		225EA691260036CA0020BD02 /* Info.plist */ = {isa = PBXFileReference; lastKnownFileType = text.plist.xml; path = Info.plist; sourceTree = "<group>"; };
		225EA698260036DD0020BD02 /* xkcdWidget.entitlements */ = {isa = PBXFileReference; lastKnownFileType = text.plist.entitlements; path = xkcdWidget.entitlements; sourceTree = "<group>"; };
		225EA69A260037D80020BD02 /* Comic.swift */ = {isa = PBXFileReference; lastKnownFileType = sourcecode.swift; path = Comic.swift; sourceTree = "<group>"; };
		225EA6A2260040C00020BD02 /* ComicWidgetExtension.appex */ = {isa = PBXFileReference; explicitFileType = "wrapper.app-extension"; includeInIndex = 0; path = ComicWidgetExtension.appex; sourceTree = BUILT_PRODUCTS_DIR; };
		225EA6A4260040C00020BD02 /* WidgetKit.framework */ = {isa = PBXFileReference; lastKnownFileType = wrapper.framework; name = WidgetKit.framework; path = System/Library/Frameworks/WidgetKit.framework; sourceTree = SDKROOT; };
		225EA6A6260040C00020BD02 /* SwiftUI.framework */ = {isa = PBXFileReference; lastKnownFileType = wrapper.framework; name = SwiftUI.framework; path = System/Library/Frameworks/SwiftUI.framework; sourceTree = SDKROOT; };
		225EA6A9260040C00020BD02 /* ComicWidget.swift */ = {isa = PBXFileReference; lastKnownFileType = sourcecode.swift; path = ComicWidget.swift; sourceTree = "<group>"; };
		225EA6AB260040C30020BD02 /* Assets.xcassets */ = {isa = PBXFileReference; lastKnownFileType = folder.assetcatalog; path = Assets.xcassets; sourceTree = "<group>"; };
		225EA6AD260040C30020BD02 /* Info.plist */ = {isa = PBXFileReference; lastKnownFileType = text.plist.xml; path = Info.plist; sourceTree = "<group>"; };
		225EA6B1260040C30020BD02 /* ComicWidgetExtension.entitlements */ = {isa = PBXFileReference; lastKnownFileType = text.plist.entitlements; path = ComicWidgetExtension.entitlements; sourceTree = "<group>"; };
/* End PBXFileReference section */

/* Begin PBXFrameworksBuildPhase section */
		225EA682260036C80020BD02 /* Frameworks */ = {
			isa = PBXFrameworksBuildPhase;
			buildActionMask = 2147483647;
			files = (
			);
			runOnlyForDeploymentPostprocessing = 0;
		};
		225EA69F260040C00020BD02 /* Frameworks */ = {
			isa = PBXFrameworksBuildPhase;
			buildActionMask = 2147483647;
			files = (
				225EA6A7260040C00020BD02 /* SwiftUI.framework in Frameworks */,
				225EA6A5260040C00020BD02 /* WidgetKit.framework in Frameworks */,
			);
			runOnlyForDeploymentPostprocessing = 0;
		};
/* End PBXFrameworksBuildPhase section */

/* Begin PBXGroup section */
		225EA67C260036C80020BD02 = {
			isa = PBXGroup;
			children = (
				225EA687260036C80020BD02 /* xkcdWidget */,
				225EA6A8260040C00020BD02 /* ComicWidget */,
				225EA6A3260040C00020BD02 /* Frameworks */,
				225EA686260036C80020BD02 /* Products */,
			);
			sourceTree = "<group>";
		};
		225EA686260036C80020BD02 /* Products */ = {
			isa = PBXGroup;
			children = (
				225EA685260036C80020BD02 /* xkcdWidget.app */,
				225EA6A2260040C00020BD02 /* ComicWidgetExtension.appex */,
			);
			name = Products;
			sourceTree = "<group>";
		};
		225EA687260036C80020BD02 /* xkcdWidget */ = {
			isa = PBXGroup;
			children = (
				225EA698260036DD0020BD02 /* xkcdWidget.entitlements */,
				225EA688260036C80020BD02 /* xkcdWidgetApp.swift */,
				225EA68A260036C80020BD02 /* ContentView.swift */,
				225EA68C260036CA0020BD02 /* Assets.xcassets */,
				225EA691260036CA0020BD02 /* Info.plist */,
				225EA68E260036CA0020BD02 /* Preview Content */,
			);
			path = xkcdWidget;
			sourceTree = "<group>";
		};
		225EA68E260036CA0020BD02 /* Preview Content */ = {
			isa = PBXGroup;
			children = (
				225EA68F260036CA0020BD02 /* Preview Assets.xcassets */,
			);
			path = "Preview Content";
			sourceTree = "<group>";
		};
		225EA6A3260040C00020BD02 /* Frameworks */ = {
			isa = PBXGroup;
			children = (
				225EA6A4260040C00020BD02 /* WidgetKit.framework */,
				225EA6A6260040C00020BD02 /* SwiftUI.framework */,
			);
			name = Frameworks;
			sourceTree = "<group>";
		};
		225EA6A8260040C00020BD02 /* ComicWidget */ = {
			isa = PBXGroup;
			children = (
				225EA6B1260040C30020BD02 /* ComicWidgetExtension.entitlements */,
				225EA69A260037D80020BD02 /* Comic.swift */,
				225EA6A9260040C00020BD02 /* ComicWidget.swift */,
				225EA6AB260040C30020BD02 /* Assets.xcassets */,
				225EA6AD260040C30020BD02 /* Info.plist */,
			);
			path = ComicWidget;
			sourceTree = "<group>";
		};
/* End PBXGroup section */

/* Begin PBXNativeTarget section */
		225EA684260036C80020BD02 /* xkcdWidget */ = {
			isa = PBXNativeTarget;
			buildConfigurationList = 225EA694260036CA0020BD02 /* Build configuration list for PBXNativeTarget "xkcdWidget" */;
			buildPhases = (
				225EA681260036C80020BD02 /* Sources */,
				225EA682260036C80020BD02 /* Frameworks */,
				225EA683260036C80020BD02 /* Resources */,
				225EA6B2260040C30020BD02 /* Embed App Extensions */,
			);
			buildRules = (
			);
			dependencies = (
				225EA6AF260040C30020BD02 /* PBXTargetDependency */,
			);
			name = xkcdWidget;
			productName = xkcdWidget;
			productReference = 225EA685260036C80020BD02 /* xkcdWidget.app */;
			productType = "com.apple.product-type.application";
		};
		225EA6A1260040C00020BD02 /* ComicWidgetExtension */ = {
			isa = PBXNativeTarget;
			buildConfigurationList = 225EA6B5260040C30020BD02 /* Build configuration list for PBXNativeTarget "ComicWidgetExtension" */;
			buildPhases = (
				225EA69E260040C00020BD02 /* Sources */,
				225EA69F260040C00020BD02 /* Frameworks */,
				225EA6A0260040C00020BD02 /* Resources */,
			);
			buildRules = (
			);
			dependencies = (
			);
			name = ComicWidgetExtension;
			productName = ComicWidgetExtension;
			productReference = 225EA6A2260040C00020BD02 /* ComicWidgetExtension.appex */;
			productType = "com.apple.product-type.app-extension";
		};
/* End PBXNativeTarget section */

/* Begin PBXProject section */
		225EA67D260036C80020BD02 /* Project object */ = {
			isa = PBXProject;
			attributes = {
				LastSwiftUpdateCheck = 1240;
				LastUpgradeCheck = 1240;
				TargetAttributes = {
					225EA684260036C80020BD02 = {
						CreatedOnToolsVersion = 12.4;
					};
					225EA6A1260040C00020BD02 = {
						CreatedOnToolsVersion = 12.4;
					};
				};
			};
			buildConfigurationList = 225EA680260036C80020BD02 /* Build configuration list for PBXProject "xkcdWidget" */;
			compatibilityVersion = "Xcode 9.3";
			developmentRegion = en;
			hasScannedForEncodings = 0;
			knownRegions = (
				en,
				Base,
			);
			mainGroup = 225EA67C260036C80020BD02;
			productRefGroup = 225EA686260036C80020BD02 /* Products */;
			projectDirPath = "";
			projectRoot = "";
			targets = (
				225EA684260036C80020BD02 /* xkcdWidget */,
				225EA6A1260040C00020BD02 /* ComicWidgetExtension */,
			);
		};
/* End PBXProject section */

/* Begin PBXResourcesBuildPhase section */
		225EA683260036C80020BD02 /* Resources */ = {
			isa = PBXResourcesBuildPhase;
			buildActionMask = 2147483647;
			files = (
				225EA690260036CA0020BD02 /* Preview Assets.xcassets in Resources */,
				225EA68D260036CA0020BD02 /* Assets.xcassets in Resources */,
			);
			runOnlyForDeploymentPostprocessing = 0;
		};
		225EA6A0260040C00020BD02 /* Resources */ = {
			isa = PBXResourcesBuildPhase;
			buildActionMask = 2147483647;
			files = (
				225EA6AC260040C30020BD02 /* Assets.xcassets in Resources */,
			);
			runOnlyForDeploymentPostprocessing = 0;
		};
/* End PBXResourcesBuildPhase section */

/* Begin PBXSourcesBuildPhase section */
		225EA681260036C80020BD02 /* Sources */ = {
			isa = PBXSourcesBuildPhase;
			buildActionMask = 2147483647;
			files = (
				225EA68B260036C80020BD02 /* ContentView.swift in Sources */,
				22E2534026014DCB00112B4E /* Comic.swift in Sources */,
				225EA689260036C80020BD02 /* xkcdWidgetApp.swift in Sources */,
			);
			runOnlyForDeploymentPostprocessing = 0;
		};
		225EA69E260040C00020BD02 /* Sources */ = {
			isa = PBXSourcesBuildPhase;
			buildActionMask = 2147483647;
			files = (
				225EA6AA260040C00020BD02 /* ComicWidget.swift in Sources */,
				225EA6C4260042A90020BD02 /* Comic.swift in Sources */,
			);
			runOnlyForDeploymentPostprocessing = 0;
		};
/* End PBXSourcesBuildPhase section */

/* Begin PBXTargetDependency section */
		225EA6AF260040C30020BD02 /* PBXTargetDependency */ = {
			isa = PBXTargetDependency;
			target = 225EA6A1260040C00020BD02 /* ComicWidgetExtension */;
			targetProxy = 225EA6AE260040C30020BD02 /* PBXContainerItemProxy */;
		};
/* End PBXTargetDependency section */

/* Begin XCBuildConfiguration section */
		225EA692260036CA0020BD02 /* Debug */ = {
			isa = XCBuildConfiguration;
			buildSettings = {
				ALWAYS_SEARCH_USER_PATHS = NO;
				CLANG_ANALYZER_NONNULL = YES;
				CLANG_ANALYZER_NUMBER_OBJECT_CONVERSION = YES_AGGRESSIVE;
				CLANG_CXX_LANGUAGE_STANDARD = "gnu++14";
				CLANG_CXX_LIBRARY = "libc++";
				CLANG_ENABLE_MODULES = YES;
				CLANG_ENABLE_OBJC_ARC = YES;
				CLANG_ENABLE_OBJC_WEAK = YES;
				CLANG_WARN_BLOCK_CAPTURE_AUTORELEASING = YES;
				CLANG_WARN_BOOL_CONVERSION = YES;
				CLANG_WARN_COMMA = YES;
				CLANG_WARN_CONSTANT_CONVERSION = YES;
				CLANG_WARN_DEPRECATED_OBJC_IMPLEMENTATIONS = YES;
				CLANG_WARN_DIRECT_OBJC_ISA_USAGE = YES_ERROR;
				CLANG_WARN_DOCUMENTATION_COMMENTS = YES;
				CLANG_WARN_EMPTY_BODY = YES;
				CLANG_WARN_ENUM_CONVERSION = YES;
				CLANG_WARN_INFINITE_RECURSION = YES;
				CLANG_WARN_INT_CONVERSION = YES;
				CLANG_WARN_NON_LITERAL_NULL_CONVERSION = YES;
				CLANG_WARN_OBJC_IMPLICIT_RETAIN_SELF = YES;
				CLANG_WARN_OBJC_LITERAL_CONVERSION = YES;
				CLANG_WARN_OBJC_ROOT_CLASS = YES_ERROR;
				CLANG_WARN_QUOTED_INCLUDE_IN_FRAMEWORK_HEADER = YES;
				CLANG_WARN_RANGE_LOOP_ANALYSIS = YES;
				CLANG_WARN_STRICT_PROTOTYPES = YES;
				CLANG_WARN_SUSPICIOUS_MOVE = YES;
				CLANG_WARN_UNGUARDED_AVAILABILITY = YES_AGGRESSIVE;
				CLANG_WARN_UNREACHABLE_CODE = YES;
				CLANG_WARN__DUPLICATE_METHOD_MATCH = YES;
				COPY_PHASE_STRIP = NO;
				DEBUG_INFORMATION_FORMAT = dwarf;
				ENABLE_STRICT_OBJC_MSGSEND = YES;
				ENABLE_TESTABILITY = YES;
				GCC_C_LANGUAGE_STANDARD = gnu11;
				GCC_DYNAMIC_NO_PIC = NO;
				GCC_NO_COMMON_BLOCKS = YES;
				GCC_OPTIMIZATION_LEVEL = 0;
				GCC_PREPROCESSOR_DEFINITIONS = (
					"DEBUG=1",
					"$(inherited)",
				);
				GCC_WARN_64_TO_32_BIT_CONVERSION = YES;
				GCC_WARN_ABOUT_RETURN_TYPE = YES_ERROR;
				GCC_WARN_UNDECLARED_SELECTOR = YES;
				GCC_WARN_UNINITIALIZED_AUTOS = YES_AGGRESSIVE;
				GCC_WARN_UNUSED_FUNCTION = YES;
				GCC_WARN_UNUSED_VARIABLE = YES;
				IPHONEOS_DEPLOYMENT_TARGET = 14.4;
				MTL_ENABLE_DEBUG_INFO = INCLUDE_SOURCE;
				MTL_FAST_MATH = YES;
				ONLY_ACTIVE_ARCH = YES;
				SDKROOT = iphoneos;
				SWIFT_ACTIVE_COMPILATION_CONDITIONS = DEBUG;
				SWIFT_OPTIMIZATION_LEVEL = "-Onone";
			};
			name = Debug;
		};
		225EA693260036CA0020BD02 /* Release */ = {
			isa = XCBuildConfiguration;
			buildSettings = {
				ALWAYS_SEARCH_USER_PATHS = NO;
				CLANG_ANALYZER_NONNULL = YES;
				CLANG_ANALYZER_NUMBER_OBJECT_CONVERSION = YES_AGGRESSIVE;
				CLANG_CXX_LANGUAGE_STANDARD = "gnu++14";
				CLANG_CXX_LIBRARY = "libc++";
				CLANG_ENABLE_MODULES = YES;
				CLANG_ENABLE_OBJC_ARC = YES;
				CLANG_ENABLE_OBJC_WEAK = YES;
				CLANG_WARN_BLOCK_CAPTURE_AUTORELEASING = YES;
				CLANG_WARN_BOOL_CONVERSION = YES;
				CLANG_WARN_COMMA = YES;
				CLANG_WARN_CONSTANT_CONVERSION = YES;
				CLANG_WARN_DEPRECATED_OBJC_IMPLEMENTATIONS = YES;
				CLANG_WARN_DIRECT_OBJC_ISA_USAGE = YES_ERROR;
				CLANG_WARN_DOCUMENTATION_COMMENTS = YES;
				CLANG_WARN_EMPTY_BODY = YES;
				CLANG_WARN_ENUM_CONVERSION = YES;
				CLANG_WARN_INFINITE_RECURSION = YES;
				CLANG_WARN_INT_CONVERSION = YES;
				CLANG_WARN_NON_LITERAL_NULL_CONVERSION = YES;
				CLANG_WARN_OBJC_IMPLICIT_RETAIN_SELF = YES;
				CLANG_WARN_OBJC_LITERAL_CONVERSION = YES;
				CLANG_WARN_OBJC_ROOT_CLASS = YES_ERROR;
				CLANG_WARN_QUOTED_INCLUDE_IN_FRAMEWORK_HEADER = YES;
				CLANG_WARN_RANGE_LOOP_ANALYSIS = YES;
				CLANG_WARN_STRICT_PROTOTYPES = YES;
				CLANG_WARN_SUSPICIOUS_MOVE = YES;
				CLANG_WARN_UNGUARDED_AVAILABILITY = YES_AGGRESSIVE;
				CLANG_WARN_UNREACHABLE_CODE = YES;
				CLANG_WARN__DUPLICATE_METHOD_MATCH = YES;
				COPY_PHASE_STRIP = NO;
				DEBUG_INFORMATION_FORMAT = "dwarf-with-dsym";
				ENABLE_NS_ASSERTIONS = NO;
				ENABLE_STRICT_OBJC_MSGSEND = YES;
				GCC_C_LANGUAGE_STANDARD = gnu11;
				GCC_NO_COMMON_BLOCKS = YES;
				GCC_WARN_64_TO_32_BIT_CONVERSION = YES;
				GCC_WARN_ABOUT_RETURN_TYPE = YES_ERROR;
				GCC_WARN_UNDECLARED_SELECTOR = YES;
				GCC_WARN_UNINITIALIZED_AUTOS = YES_AGGRESSIVE;
				GCC_WARN_UNUSED_FUNCTION = YES;
				GCC_WARN_UNUSED_VARIABLE = YES;
				IPHONEOS_DEPLOYMENT_TARGET = 14.4;
				MTL_ENABLE_DEBUG_INFO = NO;
				MTL_FAST_MATH = YES;
				SDKROOT = iphoneos;
				SWIFT_COMPILATION_MODE = wholemodule;
				SWIFT_OPTIMIZATION_LEVEL = "-O";
				VALIDATE_PRODUCT = YES;
			};
			name = Release;
		};
		225EA695260036CA0020BD02 /* Debug */ = {
			isa = XCBuildConfiguration;
			buildSettings = {
				ALWAYS_EMBED_SWIFT_STANDARD_LIBRARIES = YES;
				ASSETCATALOG_COMPILER_APPICON_NAME = AppIcon;
				ASSETCATALOG_COMPILER_GLOBAL_ACCENT_COLOR_NAME = AccentColor;
				CODE_SIGN_ENTITLEMENTS = xkcdWidget/xkcdWidget.entitlements;
				CODE_SIGN_STYLE = Automatic;
				DEVELOPMENT_ASSET_PATHS = "\"xkcdWidget/Preview Content\"";
				DEVELOPMENT_TEAM = DC7TWT94U4;
				ENABLE_PREVIEWS = YES;
				INFOPLIST_FILE = xkcdWidget/Info.plist;
				IPHONEOS_DEPLOYMENT_TARGET = 14.0;
				LD_RUNPATH_SEARCH_PATHS = (
					"$(inherited)",
					"@executable_path/Frameworks",
				);
				PRODUCT_BUNDLE_IDENTIFIER = com.nitinseshadri.xkcdWidget;
				PRODUCT_NAME = "$(TARGET_NAME)";
				SUPPORTS_MACCATALYST = YES;
				SWIFT_VERSION = 5.0;
				TARGETED_DEVICE_FAMILY = "1,2,6";
			};
			name = Debug;
		};
		225EA696260036CA0020BD02 /* Release */ = {
			isa = XCBuildConfiguration;
			buildSettings = {
				ALWAYS_EMBED_SWIFT_STANDARD_LIBRARIES = YES;
				ASSETCATALOG_COMPILER_APPICON_NAME = AppIcon;
				ASSETCATALOG_COMPILER_GLOBAL_ACCENT_COLOR_NAME = AccentColor;
				CODE_SIGN_ENTITLEMENTS = xkcdWidget/xkcdWidget.entitlements;
				CODE_SIGN_STYLE = Automatic;
				DEVELOPMENT_ASSET_PATHS = "\"xkcdWidget/Preview Content\"";
				DEVELOPMENT_TEAM = DC7TWT94U4;
				ENABLE_PREVIEWS = YES;
				INFOPLIST_FILE = xkcdWidget/Info.plist;
				IPHONEOS_DEPLOYMENT_TARGET = 14.0;
				LD_RUNPATH_SEARCH_PATHS = (
					"$(inherited)",
					"@executable_path/Frameworks",
				);
				PRODUCT_BUNDLE_IDENTIFIER = com.nitinseshadri.xkcdWidget;
				PRODUCT_NAME = "$(TARGET_NAME)";
				SUPPORTS_MACCATALYST = YES;
				SWIFT_VERSION = 5.0;
				TARGETED_DEVICE_FAMILY = "1,2,6";
			};
			name = Release;
		};
		225EA6B3260040C30020BD02 /* Debug */ = {
			isa = XCBuildConfiguration;
			buildSettings = {
				ASSETCATALOG_COMPILER_GLOBAL_ACCENT_COLOR_NAME = AccentColor;
				ASSETCATALOG_COMPILER_WIDGET_BACKGROUND_COLOR_NAME = WidgetBackground;
				CODE_SIGN_ENTITLEMENTS = ComicWidget/ComicWidgetExtension.entitlements;
				CODE_SIGN_STYLE = Automatic;
				DEVELOPMENT_TEAM = DC7TWT94U4;
				INFOPLIST_FILE = ComicWidget/Info.plist;
				LD_RUNPATH_SEARCH_PATHS = (
					"$(inherited)",
					"@executable_path/Frameworks",
					"@executable_path/../../Frameworks",
				);
				PRODUCT_BUNDLE_IDENTIFIER = com.nitinseshadri.xkcdWidget.ComicWidget;
				PRODUCT_NAME = "$(TARGET_NAME)";
				SKIP_INSTALL = YES;
				SUPPORTS_MACCATALYST = YES;
				SWIFT_VERSION = 5.0;
				TARGETED_DEVICE_FAMILY = "1,2";
			};
			name = Debug;
		};
		225EA6B4260040C30020BD02 /* Release */ = {
			isa = XCBuildConfiguration;
			buildSettings = {
				ASSETCATALOG_COMPILER_GLOBAL_ACCENT_COLOR_NAME = AccentColor;
				ASSETCATALOG_COMPILER_WIDGET_BACKGROUND_COLOR_NAME = WidgetBackground;
				CODE_SIGN_ENTITLEMENTS = ComicWidget/ComicWidgetExtension.entitlements;
				CODE_SIGN_STYLE = Automatic;
				DEVELOPMENT_TEAM = DC7TWT94U4;
				INFOPLIST_FILE = ComicWidget/Info.plist;
				LD_RUNPATH_SEARCH_PATHS = (
					"$(inherited)",
					"@executable_path/Frameworks",
					"@executable_path/../../Frameworks",
				);
				PRODUCT_BUNDLE_IDENTIFIER = com.nitinseshadri.xkcdWidget.ComicWidget;
				PRODUCT_NAME = "$(TARGET_NAME)";
				SKIP_INSTALL = YES;
				SUPPORTS_MACCATALYST = YES;
				SWIFT_VERSION = 5.0;
				TARGETED_DEVICE_FAMILY = "1,2";
			};
			name = Release;
		};
/* End XCBuildConfiguration section */

/* Begin XCConfigurationList section */
		225EA680260036C80020BD02 /* Build configuration list for PBXProject "xkcdWidget" */ = {
			isa = XCConfigurationList;
			buildConfigurations = (
				225EA692260036CA0020BD02 /* Debug */,
				225EA693260036CA0020BD02 /* Release */,
			);
			defaultConfigurationIsVisible = 0;
			defaultConfigurationName = Release;
		};
		225EA694260036CA0020BD02 /* Build configuration list for PBXNativeTarget "xkcdWidget" */ = {
			isa = XCConfigurationList;
			buildConfigurations = (
				225EA695260036CA0020BD02 /* Debug */,
				225EA696260036CA0020BD02 /* Release */,
			);
			defaultConfigurationIsVisible = 0;
			defaultConfigurationName = Release;
		};
		225EA6B5260040C30020BD02 /* Build configuration list for PBXNativeTarget "ComicWidgetExtension" */ = {
			isa = XCConfigurationList;
			buildConfigurations = (
				225EA6B3260040C30020BD02 /* Debug */,
				225EA6B4260040C30020BD02 /* Release */,
			);
			defaultConfigurationIsVisible = 0;
			defaultConfigurationName = Release;
		};
/* End XCConfigurationList section */
	};
	rootObject = 225EA67D260036C80020BD02 /* Project object */;
}
